// !$*UTF8*$!
{
	archiveVersion = 1;
	classes = {
	};
	objectVersion = 56;
	objects = {

/* Begin PBXBuildFile section */
		20B613132A1470D60078FBEA /* ImagePreviewApp.swift in Sources */ = {isa = PBXBuildFile; fileRef = 20B613122A1470D60078FBEA /* ImagePreviewApp.swift */; };
		20B613152A1470D60078FBEA /* ContentView.swift in Sources */ = {isa = PBXBuildFile; fileRef = 20B613142A1470D60078FBEA /* ContentView.swift */; };
		20B613172A1470D70078FBEA /* Assets.xcassets in Resources */ = {isa = PBXBuildFile; fileRef = 20B613162A1470D70078FBEA /* Assets.xcassets */; };
		20B6131A2A1470D70078FBEA /* Preview Assets.xcassets in Resources */ = {isa = PBXBuildFile; fileRef = 20B613192A1470D70078FBEA /* Preview Assets.xcassets */; };
		20B613242A1470D70078FBEA /* ImagePreviewTests.swift in Sources */ = {isa = PBXBuildFile; fileRef = 20B613232A1470D70078FBEA /* ImagePreviewTests.swift */; };
		20B6132E2A1470D70078FBEA /* ImagePreviewUITests.swift in Sources */ = {isa = PBXBuildFile; fileRef = 20B6132D2A1470D70078FBEA /* ImagePreviewUITests.swift */; };
		20B613302A1470D70078FBEA /* ImagePreviewUITestsLaunchTests.swift in Sources */ = {isa = PBXBuildFile; fileRef = 20B6132F2A1470D70078FBEA /* ImagePreviewUITestsLaunchTests.swift */; };
		20B6133D2A1472400078FBEA /* ZoomableScrollView.swift in Sources */ = {isa = PBXBuildFile; fileRef = 20B6133C2A1472400078FBEA /* ZoomableScrollView.swift */; };
		20B6133F2A1472930078FBEA /* ImagePreview.swift in Sources */ = {isa = PBXBuildFile; fileRef = 20B6133E2A1472930078FBEA /* ImagePreview.swift */; };
		20B613422A1472AF0078FBEA /* Kingfisher in Frameworks */ = {isa = PBXBuildFile; productRef = 20B613412A1472AF0078FBEA /* Kingfisher */; };
		20B613442A1474720078FBEA /* Geometry+Utilities.swift in Sources */ = {isa = PBXBuildFile; fileRef = 20B613432A1474720078FBEA /* Geometry+Utilities.swift */; };
/* End PBXBuildFile section */

/* Begin PBXContainerItemProxy section */
		20B613202A1470D70078FBEA /* PBXContainerItemProxy */ = {
			isa = PBXContainerItemProxy;
			containerPortal = 20B613072A1470D60078FBEA /* Project object */;
			proxyType = 1;
			remoteGlobalIDString = 20B6130E2A1470D60078FBEA;
			remoteInfo = ImagePreview;
		};
		20B6132A2A1470D70078FBEA /* PBXContainerItemProxy */ = {
			isa = PBXContainerItemProxy;
			containerPortal = 20B613072A1470D60078FBEA /* Project object */;
			proxyType = 1;
			remoteGlobalIDString = 20B6130E2A1470D60078FBEA;
			remoteInfo = ImagePreview;
		};
/* End PBXContainerItemProxy section */

/* Begin PBXFileReference section */
		20B6130F2A1470D60078FBEA /* ImagePreview.app */ = {isa = PBXFileReference; explicitFileType = wrapper.application; includeInIndex = 0; path = ImagePreview.app; sourceTree = BUILT_PRODUCTS_DIR; };
		20B613122A1470D60078FBEA /* ImagePreviewApp.swift */ = {isa = PBXFileReference; lastKnownFileType = sourcecode.swift; path = ImagePreviewApp.swift; sourceTree = "<group>"; };
		20B613142A1470D60078FBEA /* ContentView.swift */ = {isa = PBXFileReference; lastKnownFileType = sourcecode.swift; path = ContentView.swift; sourceTree = "<group>"; };
		20B613162A1470D70078FBEA /* Assets.xcassets */ = {isa = PBXFileReference; lastKnownFileType = folder.assetcatalog; path = Assets.xcassets; sourceTree = "<group>"; };
		20B613192A1470D70078FBEA /* Preview Assets.xcassets */ = {isa = PBXFileReference; lastKnownFileType = folder.assetcatalog; path = "Preview Assets.xcassets"; sourceTree = "<group>"; };
		20B6131F2A1470D70078FBEA /* ImagePreviewTests.xctest */ = {isa = PBXFileReference; explicitFileType = wrapper.cfbundle; includeInIndex = 0; path = ImagePreviewTests.xctest; sourceTree = BUILT_PRODUCTS_DIR; };
		20B613232A1470D70078FBEA /* ImagePreviewTests.swift */ = {isa = PBXFileReference; lastKnownFileType = sourcecode.swift; path = ImagePreviewTests.swift; sourceTree = "<group>"; };
		20B613292A1470D70078FBEA /* ImagePreviewUITests.xctest */ = {isa = PBXFileReference; explicitFileType = wrapper.cfbundle; includeInIndex = 0; path = ImagePreviewUITests.xctest; sourceTree = BUILT_PRODUCTS_DIR; };
		20B6132D2A1470D70078FBEA /* ImagePreviewUITests.swift */ = {isa = PBXFileReference; lastKnownFileType = sourcecode.swift; path = ImagePreviewUITests.swift; sourceTree = "<group>"; };
		20B6132F2A1470D70078FBEA /* ImagePreviewUITestsLaunchTests.swift */ = {isa = PBXFileReference; lastKnownFileType = sourcecode.swift; path = ImagePreviewUITestsLaunchTests.swift; sourceTree = "<group>"; };
		20B6133C2A1472400078FBEA /* ZoomableScrollView.swift */ = {isa = PBXFileReference; lastKnownFileType = sourcecode.swift; path = ZoomableScrollView.swift; sourceTree = "<group>"; };
		20B6133E2A1472930078FBEA /* ImagePreview.swift */ = {isa = PBXFileReference; lastKnownFileType = sourcecode.swift; path = ImagePreview.swift; sourceTree = "<group>"; };
		20B613432A1474720078FBEA /* Geometry+Utilities.swift */ = {isa = PBXFileReference; lastKnownFileType = sourcecode.swift; path = "Geometry+Utilities.swift"; sourceTree = "<group>"; };
/* End PBXFileReference section */

/* Begin PBXFrameworksBuildPhase section */
		20B6130C2A1470D60078FBEA /* Frameworks */ = {
			isa = PBXFrameworksBuildPhase;
			buildActionMask = 2147483647;
			files = (
				20B613422A1472AF0078FBEA /* Kingfisher in Frameworks */,
			);
			runOnlyForDeploymentPostprocessing = 0;
		};
		20B6131C2A1470D70078FBEA /* Frameworks */ = {
			isa = PBXFrameworksBuildPhase;
			buildActionMask = 2147483647;
			files = (
			);
			runOnlyForDeploymentPostprocessing = 0;
		};
		20B613262A1470D70078FBEA /* Frameworks */ = {
			isa = PBXFrameworksBuildPhase;
			buildActionMask = 2147483647;
			files = (
			);
			runOnlyForDeploymentPostprocessing = 0;
		};
/* End PBXFrameworksBuildPhase section */

/* Begin PBXGroup section */
		20B613062A1470D60078FBEA = {
			isa = PBXGroup;
			children = (
				20B613112A1470D60078FBEA /* ImagePreview */,
				20B613222A1470D70078FBEA /* ImagePreviewTests */,
				20B6132C2A1470D70078FBEA /* ImagePreviewUITests */,
				20B613102A1470D60078FBEA /* Products */,
			);
			sourceTree = "<group>";
		};
		20B613102A1470D60078FBEA /* Products */ = {
			isa = PBXGroup;
			children = (
				20B6130F2A1470D60078FBEA /* ImagePreview.app */,
				20B6131F2A1470D70078FBEA /* ImagePreviewTests.xctest */,
				20B613292A1470D70078FBEA /* ImagePreviewUITests.xctest */,
			);
			name = Products;
			sourceTree = "<group>";
		};
		20B613112A1470D60078FBEA /* ImagePreview */ = {
			isa = PBXGroup;
			children = (
				20B613122A1470D60078FBEA /* ImagePreviewApp.swift */,
				20B613142A1470D60078FBEA /* ContentView.swift */,
				20B6133E2A1472930078FBEA /* ImagePreview.swift */,
				20B6133C2A1472400078FBEA /* ZoomableScrollView.swift */,
				20B613432A1474720078FBEA /* Geometry+Utilities.swift */,
				20B613162A1470D70078FBEA /* Assets.xcassets */,
				20B613182A1470D70078FBEA /* Preview Content */,
			);
			path = ImagePreview;
			sourceTree = "<group>";
		};
		20B613182A1470D70078FBEA /* Preview Content */ = {
			isa = PBXGroup;
			children = (
				20B613192A1470D70078FBEA /* Preview Assets.xcassets */,
			);
			path = "Preview Content";
			sourceTree = "<group>";
		};
		20B613222A1470D70078FBEA /* ImagePreviewTests */ = {
			isa = PBXGroup;
			children = (
				20B613232A1470D70078FBEA /* ImagePreviewTests.swift */,
			);
			path = ImagePreviewTests;
			sourceTree = "<group>";
		};
		20B6132C2A1470D70078FBEA /* ImagePreviewUITests */ = {
			isa = PBXGroup;
			children = (
				20B6132D2A1470D70078FBEA /* ImagePreviewUITests.swift */,
				20B6132F2A1470D70078FBEA /* ImagePreviewUITestsLaunchTests.swift */,
			);
			path = ImagePreviewUITests;
			sourceTree = "<group>";
		};
/* End PBXGroup section */

/* Begin PBXNativeTarget section */
		20B6130E2A1470D60078FBEA /* ImagePreview */ = {
			isa = PBXNativeTarget;
			buildConfigurationList = 20B613332A1470D70078FBEA /* Build configuration list for PBXNativeTarget "ImagePreview" */;
			buildPhases = (
				20B6130B2A1470D60078FBEA /* Sources */,
				20B6130C2A1470D60078FBEA /* Frameworks */,
				20B6130D2A1470D60078FBEA /* Resources */,
			);
			buildRules = (
			);
			dependencies = (
			);
			name = ImagePreview;
			packageProductDependencies = (
				20B613412A1472AF0078FBEA /* Kingfisher */,
			);
			productName = ImagePreview;
			productReference = 20B6130F2A1470D60078FBEA /* ImagePreview.app */;
			productType = "com.apple.product-type.application";
		};
		20B6131E2A1470D70078FBEA /* ImagePreviewTests */ = {
			isa = PBXNativeTarget;
			buildConfigurationList = 20B613362A1470D70078FBEA /* Build configuration list for PBXNativeTarget "ImagePreviewTests" */;
			buildPhases = (
				20B6131B2A1470D70078FBEA /* Sources */,
				20B6131C2A1470D70078FBEA /* Frameworks */,
				20B6131D2A1470D70078FBEA /* Resources */,
			);
			buildRules = (
			);
			dependencies = (
				20B613212A1470D70078FBEA /* PBXTargetDependency */,
			);
			name = ImagePreviewTests;
			productName = ImagePreviewTests;
			productReference = 20B6131F2A1470D70078FBEA /* ImagePreviewTests.xctest */;
			productType = "com.apple.product-type.bundle.unit-test";
		};
		20B613282A1470D70078FBEA /* ImagePreviewUITests */ = {
			isa = PBXNativeTarget;
			buildConfigurationList = 20B613392A1470D70078FBEA /* Build configuration list for PBXNativeTarget "ImagePreviewUITests" */;
			buildPhases = (
				20B613252A1470D70078FBEA /* Sources */,
				20B613262A1470D70078FBEA /* Frameworks */,
				20B613272A1470D70078FBEA /* Resources */,
			);
			buildRules = (
			);
			dependencies = (
				20B6132B2A1470D70078FBEA /* PBXTargetDependency */,
			);
			name = ImagePreviewUITests;
			productName = ImagePreviewUITests;
			productReference = 20B613292A1470D70078FBEA /* ImagePreviewUITests.xctest */;
			productType = "com.apple.product-type.bundle.ui-testing";
		};
/* End PBXNativeTarget section */

/* Begin PBXProject section */
		20B613072A1470D60078FBEA /* Project object */ = {
			isa = PBXProject;
			attributes = {
				BuildIndependentTargetsInParallel = 1;
				LastSwiftUpdateCheck = 1430;
				LastUpgradeCheck = 1430;
				TargetAttributes = {
					20B6130E2A1470D60078FBEA = {
						CreatedOnToolsVersion = 14.3;
					};
					20B6131E2A1470D70078FBEA = {
						CreatedOnToolsVersion = 14.3;
						TestTargetID = 20B6130E2A1470D60078FBEA;
					};
					20B613282A1470D70078FBEA = {
						CreatedOnToolsVersion = 14.3;
						TestTargetID = 20B6130E2A1470D60078FBEA;
					};
				};
			};
			buildConfigurationList = 20B6130A2A1470D60078FBEA /* Build configuration list for PBXProject "ImagePreview" */;
			compatibilityVersion = "Xcode 14.0";
			developmentRegion = en;
			hasScannedForEncodings = 0;
			knownRegions = (
				en,
				Base,
			);
			mainGroup = 20B613062A1470D60078FBEA;
			packageReferences = (
				20B613402A1472AF0078FBEA /* XCRemoteSwiftPackageReference "Kingfisher" */,
			);
			productRefGroup = 20B613102A1470D60078FBEA /* Products */;
			projectDirPath = "";
			projectRoot = "";
			targets = (
				20B6130E2A1470D60078FBEA /* ImagePreview */,
				20B6131E2A1470D70078FBEA /* ImagePreviewTests */,
				20B613282A1470D70078FBEA /* ImagePreviewUITests */,
			);
		};
/* End PBXProject section */

/* Begin PBXResourcesBuildPhase section */
		20B6130D2A1470D60078FBEA /* Resources */ = {
			isa = PBXResourcesBuildPhase;
			buildActionMask = 2147483647;
			files = (
				20B6131A2A1470D70078FBEA /* Preview Assets.xcassets in Resources */,
				20B613172A1470D70078FBEA /* Assets.xcassets in Resources */,
			);
			runOnlyForDeploymentPostprocessing = 0;
		};
		20B6131D2A1470D70078FBEA /* Resources */ = {
			isa = PBXResourcesBuildPhase;
			buildActionMask = 2147483647;
			files = (
			);
			runOnlyForDeploymentPostprocessing = 0;
		};
		20B613272A1470D70078FBEA /* Resources */ = {
			isa = PBXResourcesBuildPhase;
			buildActionMask = 2147483647;
			files = (
			);
			runOnlyForDeploymentPostprocessing = 0;
		};
/* End PBXResourcesBuildPhase section */

/* Begin PBXSourcesBuildPhase section */
		20B6130B2A1470D60078FBEA /* Sources */ = {
			isa = PBXSourcesBuildPhase;
			buildActionMask = 2147483647;
			files = (
				20B613152A1470D60078FBEA /* ContentView.swift in Sources */,
				20B613132A1470D60078FBEA /* ImagePreviewApp.swift in Sources */,
				20B6133F2A1472930078FBEA /* ImagePreview.swift in Sources */,
				20B613442A1474720078FBEA /* Geometry+Utilities.swift in Sources */,
				20B6133D2A1472400078FBEA /* ZoomableScrollView.swift in Sources */,
			);
			runOnlyForDeploymentPostprocessing = 0;
		};
		20B6131B2A1470D70078FBEA /* Sources */ = {
			isa = PBXSourcesBuildPhase;
			buildActionMask = 2147483647;
			files = (
				20B613242A1470D70078FBEA /* ImagePreviewTests.swift in Sources */,
			);
			runOnlyForDeploymentPostprocessing = 0;
		};
		20B613252A1470D70078FBEA /* Sources */ = {
			isa = PBXSourcesBuildPhase;
			buildActionMask = 2147483647;
			files = (
				20B6132E2A1470D70078FBEA /* ImagePreviewUITests.swift in Sources */,
				20B613302A1470D70078FBEA /* ImagePreviewUITestsLaunchTests.swift in Sources */,
			);
			runOnlyForDeploymentPostprocessing = 0;
		};
/* End PBXSourcesBuildPhase section */

/* Begin PBXTargetDependency section */
		20B613212A1470D70078FBEA /* PBXTargetDependency */ = {
			isa = PBXTargetDependency;
			target = 20B6130E2A1470D60078FBEA /* ImagePreview */;
			targetProxy = 20B613202A1470D70078FBEA /* PBXContainerItemProxy */;
		};
		20B6132B2A1470D70078FBEA /* PBXTargetDependency */ = {
			isa = PBXTargetDependency;
			target = 20B6130E2A1470D60078FBEA /* ImagePreview */;
			targetProxy = 20B6132A2A1470D70078FBEA /* PBXContainerItemProxy */;
		};
/* End PBXTargetDependency section */

/* Begin XCBuildConfiguration section */
		20B613312A1470D70078FBEA /* Debug */ = {
			isa = XCBuildConfiguration;
			buildSettings = {
				ALWAYS_SEARCH_USER_PATHS = NO;
				CLANG_ANALYZER_NONNULL = YES;
				CLANG_ANALYZER_NUMBER_OBJECT_CONVERSION = YES_AGGRESSIVE;
				CLANG_CXX_LANGUAGE_STANDARD = "gnu++20";
				CLANG_ENABLE_MODULES = YES;
				CLANG_ENABLE_OBJC_ARC = YES;
				CLANG_ENABLE_OBJC_WEAK = YES;
				CLANG_WARN_BLOCK_CAPTURE_AUTORELEASING = YES;
				CLANG_WARN_BOOL_CONVERSION = YES;
				CLANG_WARN_COMMA = YES;
				CLANG_WARN_CONSTANT_CONVERSION = YES;
				CLANG_WARN_DEPRECATED_OBJC_IMPLEMENTATIONS = YES;
				CLANG_WARN_DIRECT_OBJC_ISA_USAGE = YES_ERROR;
				CLANG_WARN_DOCUMENTATION_COMMENTS = YES;
				CLANG_WARN_EMPTY_BODY = YES;
				CLANG_WARN_ENUM_CONVERSION = YES;
				CLANG_WARN_INFINITE_RECURSION = YES;
				CLANG_WARN_INT_CONVERSION = YES;
				CLANG_WARN_NON_LITERAL_NULL_CONVERSION = YES;
				CLANG_WARN_OBJC_IMPLICIT_RETAIN_SELF = YES;
				CLANG_WARN_OBJC_LITERAL_CONVERSION = YES;
				CLANG_WARN_OBJC_ROOT_CLASS = YES_ERROR;
				CLANG_WARN_QUOTED_INCLUDE_IN_FRAMEWORK_HEADER = YES;
				CLANG_WARN_RANGE_LOOP_ANALYSIS = YES;
				CLANG_WARN_STRICT_PROTOTYPES = YES;
				CLANG_WARN_SUSPICIOUS_MOVE = YES;
				CLANG_WARN_UNGUARDED_AVAILABILITY = YES_AGGRESSIVE;
				CLANG_WARN_UNREACHABLE_CODE = YES;
				CLANG_WARN__DUPLICATE_METHOD_MATCH = YES;
				COPY_PHASE_STRIP = NO;
				DEBUG_INFORMATION_FORMAT = dwarf;
				ENABLE_STRICT_OBJC_MSGSEND = YES;
				ENABLE_TESTABILITY = YES;
				GCC_C_LANGUAGE_STANDARD = gnu11;
				GCC_DYNAMIC_NO_PIC = NO;
				GCC_NO_COMMON_BLOCKS = YES;
				GCC_OPTIMIZATION_LEVEL = 0;
				GCC_PREPROCESSOR_DEFINITIONS = (
					"DEBUG=1",
					"$(inherited)",
				);
				GCC_WARN_64_TO_32_BIT_CONVERSION = YES;
				GCC_WARN_ABOUT_RETURN_TYPE = YES_ERROR;
				GCC_WARN_UNDECLARED_SELECTOR = YES;
				GCC_WARN_UNINITIALIZED_AUTOS = YES_AGGRESSIVE;
				GCC_WARN_UNUSED_FUNCTION = YES;
				GCC_WARN_UNUSED_VARIABLE = YES;
				IPHONEOS_DEPLOYMENT_TARGET = 16.4;
				MTL_ENABLE_DEBUG_INFO = INCLUDE_SOURCE;
				MTL_FAST_MATH = YES;
				ONLY_ACTIVE_ARCH = YES;
				SDKROOT = iphoneos;
				SWIFT_ACTIVE_COMPILATION_CONDITIONS = DEBUG;
				SWIFT_OPTIMIZATION_LEVEL = "-Onone";
			};
			name = Debug;
		};
		20B613322A1470D70078FBEA /* Release */ = {
			isa = XCBuildConfiguration;
			buildSettings = {
				ALWAYS_SEARCH_USER_PATHS = NO;
				CLANG_ANALYZER_NONNULL = YES;
				CLANG_ANALYZER_NUMBER_OBJECT_CONVERSION = YES_AGGRESSIVE;
				CLANG_CXX_LANGUAGE_STANDARD = "gnu++20";
				CLANG_ENABLE_MODULES = YES;
				CLANG_ENABLE_OBJC_ARC = YES;
				CLANG_ENABLE_OBJC_WEAK = YES;
				CLANG_WARN_BLOCK_CAPTURE_AUTORELEASING = YES;
				CLANG_WARN_BOOL_CONVERSION = YES;
				CLANG_WARN_COMMA = YES;
				CLANG_WARN_CONSTANT_CONVERSION = YES;
				CLANG_WARN_DEPRECATED_OBJC_IMPLEMENTATIONS = YES;
				CLANG_WARN_DIRECT_OBJC_ISA_USAGE = YES_ERROR;
				CLANG_WARN_DOCUMENTATION_COMMENTS = YES;
				CLANG_WARN_EMPTY_BODY = YES;
				CLANG_WARN_ENUM_CONVERSION = YES;
				CLANG_WARN_INFINITE_RECURSION = YES;
				CLANG_WARN_INT_CONVERSION = YES;
				CLANG_WARN_NON_LITERAL_NULL_CONVERSION = YES;
				CLANG_WARN_OBJC_IMPLICIT_RETAIN_SELF = YES;
				CLANG_WARN_OBJC_LITERAL_CONVERSION = YES;
				CLANG_WARN_OBJC_ROOT_CLASS = YES_ERROR;
				CLANG_WARN_QUOTED_INCLUDE_IN_FRAMEWORK_HEADER = YES;
				CLANG_WARN_RANGE_LOOP_ANALYSIS = YES;
				CLANG_WARN_STRICT_PROTOTYPES = YES;
				CLANG_WARN_SUSPICIOUS_MOVE = YES;
				CLANG_WARN_UNGUARDED_AVAILABILITY = YES_AGGRESSIVE;
				CLANG_WARN_UNREACHABLE_CODE = YES;
				CLANG_WARN__DUPLICATE_METHOD_MATCH = YES;
				COPY_PHASE_STRIP = NO;
				DEBUG_INFORMATION_FORMAT = "dwarf-with-dsym";
				ENABLE_NS_ASSERTIONS = NO;
				ENABLE_STRICT_OBJC_MSGSEND = YES;
				GCC_C_LANGUAGE_STANDARD = gnu11;
				GCC_NO_COMMON_BLOCKS = YES;
				GCC_WARN_64_TO_32_BIT_CONVERSION = YES;
				GCC_WARN_ABOUT_RETURN_TYPE = YES_ERROR;
				GCC_WARN_UNDECLARED_SELECTOR = YES;
				GCC_WARN_UNINITIALIZED_AUTOS = YES_AGGRESSIVE;
				GCC_WARN_UNUSED_FUNCTION = YES;
				GCC_WARN_UNUSED_VARIABLE = YES;
				IPHONEOS_DEPLOYMENT_TARGET = 16.4;
				MTL_ENABLE_DEBUG_INFO = NO;
				MTL_FAST_MATH = YES;
				SDKROOT = iphoneos;
				SWIFT_COMPILATION_MODE = wholemodule;
				SWIFT_OPTIMIZATION_LEVEL = "-O";
				VALIDATE_PRODUCT = YES;
			};
			name = Release;
		};
		20B613342A1470D70078FBEA /* Debug */ = {
			isa = XCBuildConfiguration;
			buildSettings = {
				ASSETCATALOG_COMPILER_APPICON_NAME = AppIcon;
				ASSETCATALOG_COMPILER_GLOBAL_ACCENT_COLOR_NAME = AccentColor;
				CODE_SIGN_STYLE = Automatic;
				CURRENT_PROJECT_VERSION = 1;
				DEVELOPMENT_ASSET_PATHS = "\"ImagePreview/Preview Content\"";
				DEVELOPMENT_TEAM = EVG8QY6QFT;
				ENABLE_PREVIEWS = YES;
				GENERATE_INFOPLIST_FILE = YES;
				INFOPLIST_KEY_UIApplicationSceneManifest_Generation = YES;
				INFOPLIST_KEY_UIApplicationSupportsIndirectInputEvents = YES;
				INFOPLIST_KEY_UILaunchScreen_Generation = YES;
				INFOPLIST_KEY_UISupportedInterfaceOrientations_iPad = "UIInterfaceOrientationPortrait UIInterfaceOrientationPortraitUpsideDown UIInterfaceOrientationLandscapeLeft UIInterfaceOrientationLandscapeRight";
				INFOPLIST_KEY_UISupportedInterfaceOrientations_iPhone = "UIInterfaceOrientationPortrait UIInterfaceOrientationLandscapeLeft UIInterfaceOrientationLandscapeRight";
				LD_RUNPATH_SEARCH_PATHS = (
					"$(inherited)",
					"@executable_path/Frameworks",
				);
				MARKETING_VERSION = 1.0;
				PRODUCT_BUNDLE_IDENTIFIER = evan.com.ImagePreview;
				PRODUCT_NAME = "$(TARGET_NAME)";
				SWIFT_EMIT_LOC_STRINGS = YES;
				SWIFT_VERSION = 5.0;
				TARGETED_DEVICE_FAMILY = "1,2";
			};
			name = Debug;
		};
		20B613352A1470D70078FBEA /* Release */ = {
			isa = XCBuildConfiguration;
			buildSettings = {
				ASSETCATALOG_COMPILER_APPICON_NAME = AppIcon;
				ASSETCATALOG_COMPILER_GLOBAL_ACCENT_COLOR_NAME = AccentColor;
				CODE_SIGN_STYLE = Automatic;
				CURRENT_PROJECT_VERSION = 1;
				DEVELOPMENT_ASSET_PATHS = "\"ImagePreview/Preview Content\"";
				DEVELOPMENT_TEAM = EVG8QY6QFT;
				ENABLE_PREVIEWS = YES;
				GENERATE_INFOPLIST_FILE = YES;
				INFOPLIST_KEY_UIApplicationSceneManifest_Generation = YES;
				INFOPLIST_KEY_UIApplicationSupportsIndirectInputEvents = YES;
				INFOPLIST_KEY_UILaunchScreen_Generation = YES;
				INFOPLIST_KEY_UISupportedInterfaceOrientations_iPad = "UIInterfaceOrientationPortrait UIInterfaceOrientationPortraitUpsideDown UIInterfaceOrientationLandscapeLeft UIInterfaceOrientationLandscapeRight";
				INFOPLIST_KEY_UISupportedInterfaceOrientations_iPhone = "UIInterfaceOrientationPortrait UIInterfaceOrientationLandscapeLeft UIInterfaceOrientationLandscapeRight";
				LD_RUNPATH_SEARCH_PATHS = (
					"$(inherited)",
					"@executable_path/Frameworks",
				);
				MARKETING_VERSION = 1.0;
				PRODUCT_BUNDLE_IDENTIFIER = evan.com.ImagePreview;
				PRODUCT_NAME = "$(TARGET_NAME)";
				SWIFT_EMIT_LOC_STRINGS = YES;
				SWIFT_VERSION = 5.0;
				TARGETED_DEVICE_FAMILY = "1,2";
			};
			name = Release;
		};
		20B613372A1470D70078FBEA /* Debug */ = {
			isa = XCBuildConfiguration;
			buildSettings = {
				ALWAYS_EMBED_SWIFT_STANDARD_LIBRARIES = YES;
				BUNDLE_LOADER = "$(TEST_HOST)";
				CODE_SIGN_STYLE = Automatic;
				CURRENT_PROJECT_VERSION = 1;
				DEVELOPMENT_TEAM = EVG8QY6QFT;
				GENERATE_INFOPLIST_FILE = YES;
				IPHONEOS_DEPLOYMENT_TARGET = 16.4;
				MARKETING_VERSION = 1.0;
				PRODUCT_BUNDLE_IDENTIFIER = evan.com.ImagePreviewTests;
				PRODUCT_NAME = "$(TARGET_NAME)";
				SWIFT_EMIT_LOC_STRINGS = NO;
				SWIFT_VERSION = 5.0;
				TARGETED_DEVICE_FAMILY = "1,2";
				TEST_HOST = "$(BUILT_PRODUCTS_DIR)/ImagePreview.app/$(BUNDLE_EXECUTABLE_FOLDER_PATH)/ImagePreview";
			};
			name = Debug;
		};
		20B613382A1470D70078FBEA /* Release */ = {
			isa = XCBuildConfiguration;
			buildSettings = {
				ALWAYS_EMBED_SWIFT_STANDARD_LIBRARIES = YES;
				BUNDLE_LOADER = "$(TEST_HOST)";
				CODE_SIGN_STYLE = Automatic;
				CURRENT_PROJECT_VERSION = 1;
				DEVELOPMENT_TEAM = EVG8QY6QFT;
				GENERATE_INFOPLIST_FILE = YES;
				IPHONEOS_DEPLOYMENT_TARGET = 16.4;
				MARKETING_VERSION = 1.0;
				PRODUCT_BUNDLE_IDENTIFIER = evan.com.ImagePreviewTests;
				PRODUCT_NAME = "$(TARGET_NAME)";
				SWIFT_EMIT_LOC_STRINGS = NO;
				SWIFT_VERSION = 5.0;
				TARGETED_DEVICE_FAMILY = "1,2";
				TEST_HOST = "$(BUILT_PRODUCTS_DIR)/ImagePreview.app/$(BUNDLE_EXECUTABLE_FOLDER_PATH)/ImagePreview";
			};
			name = Release;
		};
		20B6133A2A1470D70078FBEA /* Debug */ = {
			isa = XCBuildConfiguration;
			buildSettings = {
				ALWAYS_EMBED_SWIFT_STANDARD_LIBRARIES = YES;
				CODE_SIGN_STYLE = Automatic;
				CURRENT_PROJECT_VERSION = 1;
				DEVELOPMENT_TEAM = EVG8QY6QFT;
				GENERATE_INFOPLIST_FILE = YES;
				MARKETING_VERSION = 1.0;
				PRODUCT_BUNDLE_IDENTIFIER = evan.com.ImagePreviewUITests;
				PRODUCT_NAME = "$(TARGET_NAME)";
				SWIFT_EMIT_LOC_STRINGS = NO;
				SWIFT_VERSION = 5.0;
				TARGETED_DEVICE_FAMILY = "1,2";
				TEST_TARGET_NAME = ImagePreview;
			};
			name = Debug;
		};
		20B6133B2A1470D70078FBEA /* Release */ = {
			isa = XCBuildConfiguration;
			buildSettings = {
				ALWAYS_EMBED_SWIFT_STANDARD_LIBRARIES = YES;
				CODE_SIGN_STYLE = Automatic;
				CURRENT_PROJECT_VERSION = 1;
				DEVELOPMENT_TEAM = EVG8QY6QFT;
				GENERATE_INFOPLIST_FILE = YES;
				MARKETING_VERSION = 1.0;
				PRODUCT_BUNDLE_IDENTIFIER = evan.com.ImagePreviewUITests;
				PRODUCT_NAME = "$(TARGET_NAME)";
				SWIFT_EMIT_LOC_STRINGS = NO;
				SWIFT_VERSION = 5.0;
				TARGETED_DEVICE_FAMILY = "1,2";
				TEST_TARGET_NAME = ImagePreview;
			};
			name = Release;
		};
/* End XCBuildConfiguration section */

/* Begin XCConfigurationList section */
		20B6130A2A1470D60078FBEA /* Build configuration list for PBXProject "ImagePreview" */ = {
			isa = XCConfigurationList;
			buildConfigurations = (
				20B613312A1470D70078FBEA /* Debug */,
				20B613322A1470D70078FBEA /* Release */,
			);
			defaultConfigurationIsVisible = 0;
			defaultConfigurationName = Release;
		};
		20B613332A1470D70078FBEA /* Build configuration list for PBXNativeTarget "ImagePreview" */ = {
			isa = XCConfigurationList;
			buildConfigurations = (
				20B613342A1470D70078FBEA /* Debug */,
				20B613352A1470D70078FBEA /* Release */,
			);
			defaultConfigurationIsVisible = 0;
			defaultConfigurationName = Release;
		};
		20B613362A1470D70078FBEA /* Build configuration list for PBXNativeTarget "ImagePreviewTests" */ = {
			isa = XCConfigurationList;
			buildConfigurations = (
				20B613372A1470D70078FBEA /* Debug */,
				20B613382A1470D70078FBEA /* Release */,
			);
			defaultConfigurationIsVisible = 0;
			defaultConfigurationName = Release;
		};
		20B613392A1470D70078FBEA /* Build configuration list for PBXNativeTarget "ImagePreviewUITests" */ = {
			isa = XCConfigurationList;
			buildConfigurations = (
				20B6133A2A1470D70078FBEA /* Debug */,
				20B6133B2A1470D70078FBEA /* Release */,
			);
			defaultConfigurationIsVisible = 0;
			defaultConfigurationName = Release;
		};
/* End XCConfigurationList section */

/* Begin XCRemoteSwiftPackageReference section */
		20B613402A1472AF0078FBEA /* XCRemoteSwiftPackageReference "Kingfisher" */ = {
			isa = XCRemoteSwiftPackageReference;
			repositoryURL = "https://github.com/onevcat/Kingfisher.git";
			requirement = {
				kind = upToNextMajorVersion;
				minimumVersion = 7.0.0;
			};
		};
/* End XCRemoteSwiftPackageReference section */

/* Begin XCSwiftPackageProductDependency section */
		20B613412A1472AF0078FBEA /* Kingfisher */ = {
			isa = XCSwiftPackageProductDependency;
			package = 20B613402A1472AF0078FBEA /* XCRemoteSwiftPackageReference "Kingfisher" */;
			productName = Kingfisher;
		};
/* End XCSwiftPackageProductDependency section */
	};
	rootObject = 20B613072A1470D60078FBEA /* Project object */;
}
